
Microsoft Visual Studio Solution File, Format Version 12.00
# Visual Studio Version 16
VisualStudioVersion = 16.0.31702.278
MinimumVisualStudioVersion = 10.0.40219.1
Project("{FAE04EC0-301F-11D3-BF4B-00C04F79EFBC}") = "Collatz_C", "Collatz_C.csproj", "{974ADC57-8025-47AD-9C93-DE2F407EB238}"
EndProject
Global
	GlobalSection(SolutionConfigurationPlatforms) = preSolution
		Debug|Any CPU = Debug|Any CPU
		Release|Any CPU = Release|Any CPU
	EndGlobalSection
	GlobalSection(ProjectConfigurationPlatforms) = postSolution
		{974ADC57-8025-47AD-9C93-DE2F407EB238}.Debug|Any CPU.ActiveCfg = Debug|Any CPU
		{974ADC57-8025-47AD-9C93-DE2F407EB238}.Debug|Any CPU.Build.0 = Debug|Any CPU
		{974ADC57-8025-47AD-9C93-DE2F407EB238}.Release|Any CPU.ActiveCfg = Release|Any CPU
		{974ADC57-8025-47AD-9C93-DE2F407EB238}.Release|Any CPU.Build.0 = Release|Any CPU
	EndGlobalSection
	GlobalSection(SolutionProperties) = preSolution
		HideSolutionNode = FALSE
	EndGlobalSection
	GlobalSection(ExtensibilityGlobals) = postSolution
		SolutionGuid = {C267FBC2-47C6-4746-BDFF-5DC20E792E25}
	EndGlobalSection
EndGlobal
